
Microsoft Visual Studio Solution File, Format Version 12.00
# Visual Studio Version 16
VisualStudioVersion = 16.0.30011.22
MinimumVisualStudioVersion = 10.0.40219.1
Project("{FAE04EC0-301F-11D3-BF4B-00C04F79EFBC}") = "Homework_9", "Homework_9\Homework_9.csproj", "{F06743A1-54A2-4B38-8297-D885A5592DFF}"
EndProject
Global
	GlobalSection(SolutionConfigurationPlatforms) = preSolution
		Debug|Any CPU = Debug|Any CPU
		Release|Any CPU = Release|Any CPU
	EndGlobalSection
	GlobalSection(ProjectConfigurationPlatforms) = postSolution
		{F06743A1-54A2-4B38-8297-D885A5592DFF}.Debug|Any CPU.ActiveCfg = Debug|Any CPU
		{F06743A1-54A2-4B38-8297-D885A5592DFF}.Debug|Any CPU.Build.0 = Debug|Any CPU
		{F06743A1-54A2-4B38-8297-D885A5592DFF}.Release|Any CPU.ActiveCfg = Release|Any CPU
		{F06743A1-54A2-4B38-8297-D885A5592DFF}.Release|Any CPU.Build.0 = Release|Any CPU
	EndGlobalSection
	GlobalSection(SolutionProperties) = preSolution
		HideSolutionNode = FALSE
	EndGlobalSection
	GlobalSection(ExtensibilityGlobals) = postSolution
		SolutionGuid = {182AAAF1-F540-402A-B21C-B8842FD16681}
	EndGlobalSection
EndGlobal
