
Microsoft Visual Studio Solution File, Format Version 12.00
# Visual Studio Version 16
VisualStudioVersion = 16.0.30011.22
MinimumVisualStudioVersion = 10.0.40219.1
Project("{FAE04EC0-301F-11D3-BF4B-00C04F79EFBC}") = "Homework_6", "Homework_6\Homework_6.csproj", "{DFAD635E-28FB-4E78-941F-5974C3267E00}"
EndProject
Project("{FAE04EC0-301F-11D3-BF4B-00C04F79EFBC}") = "Homework_6Tests", "Homework_6Tests\Homework_6Tests.csproj", "{509F3821-6232-4FCC-94E0-7BC8DE09BB14}"
EndProject
Global
	GlobalSection(SolutionConfigurationPlatforms) = preSolution
		Debug|Any CPU = Debug|Any CPU
		Release|Any CPU = Release|Any CPU
	EndGlobalSection
	GlobalSection(ProjectConfigurationPlatforms) = postSolution
		{DFAD635E-28FB-4E78-941F-5974C3267E00}.Debug|Any CPU.ActiveCfg = Debug|Any CPU
		{DFAD635E-28FB-4E78-941F-5974C3267E00}.Debug|Any CPU.Build.0 = Debug|Any CPU
		{DFAD635E-28FB-4E78-941F-5974C3267E00}.Release|Any CPU.ActiveCfg = Release|Any CPU
		{DFAD635E-28FB-4E78-941F-5974C3267E00}.Release|Any CPU.Build.0 = Release|Any CPU
		{509F3821-6232-4FCC-94E0-7BC8DE09BB14}.Debug|Any CPU.ActiveCfg = Debug|Any CPU
		{509F3821-6232-4FCC-94E0-7BC8DE09BB14}.Debug|Any CPU.Build.0 = Debug|Any CPU
		{509F3821-6232-4FCC-94E0-7BC8DE09BB14}.Release|Any CPU.ActiveCfg = Release|Any CPU
		{509F3821-6232-4FCC-94E0-7BC8DE09BB14}.Release|Any CPU.Build.0 = Release|Any CPU
	EndGlobalSection
	GlobalSection(SolutionProperties) = preSolution
		HideSolutionNode = FALSE
	EndGlobalSection
	GlobalSection(ExtensibilityGlobals) = postSolution
		SolutionGuid = {5B3EA23C-8816-49F1-9E39-F709EBF518B7}
	EndGlobalSection
EndGlobal
