
Microsoft Visual Studio Solution File, Format Version 12.00
# Visual Studio Version 16
VisualStudioVersion = 16.0.30011.22
MinimumVisualStudioVersion = 10.0.40219.1
Project("{FAE04EC0-301F-11D3-BF4B-00C04F79EFBC}") = "Homework_7", "Homework_7\Homework_7.csproj", "{A9AE4995-CDC2-4D70-9744-69F2A71DEB72}"
EndProject
Global
	GlobalSection(SolutionConfigurationPlatforms) = preSolution
		Debug|Any CPU = Debug|Any CPU
		Release|Any CPU = Release|Any CPU
	EndGlobalSection
	GlobalSection(ProjectConfigurationPlatforms) = postSolution
		{A9AE4995-CDC2-4D70-9744-69F2A71DEB72}.Debug|Any CPU.ActiveCfg = Debug|Any CPU
		{A9AE4995-CDC2-4D70-9744-69F2A71DEB72}.Debug|Any CPU.Build.0 = Debug|Any CPU
		{A9AE4995-CDC2-4D70-9744-69F2A71DEB72}.Release|Any CPU.ActiveCfg = Release|Any CPU
		{A9AE4995-CDC2-4D70-9744-69F2A71DEB72}.Release|Any CPU.Build.0 = Release|Any CPU
	EndGlobalSection
	GlobalSection(SolutionProperties) = preSolution
		HideSolutionNode = FALSE
	EndGlobalSection
	GlobalSection(ExtensibilityGlobals) = postSolution
		SolutionGuid = {1B9B2E72-4CA5-46B5-9D5D-B7709CD55A13}
	EndGlobalSection
EndGlobal
