
Microsoft Visual Studio Solution File, Format Version 12.00
# Visual Studio Version 16
VisualStudioVersion = 16.0.30011.22
MinimumVisualStudioVersion = 10.0.40219.1
Project("{FAE04EC0-301F-11D3-BF4B-00C04F79EFBC}") = "ConsoleApp1", "ConsoleApp1\ConsoleApp1.csproj", "{D6355867-0AD1-45CF-A427-D127C27EEAF0}"
EndProject
Project("{FAE04EC0-301F-11D3-BF4B-00C04F79EFBC}") = "WindowsFormsApp2", "WindowsFormsApp2\WindowsFormsApp2.csproj", "{C7713480-6ECE-46CC-86FE-5265E235E4E0}"
EndProject
Global
	GlobalSection(SolutionConfigurationPlatforms) = preSolution
		Debug|Any CPU = Debug|Any CPU
		Release|Any CPU = Release|Any CPU
	EndGlobalSection
	GlobalSection(ProjectConfigurationPlatforms) = postSolution
		{D6355867-0AD1-45CF-A427-D127C27EEAF0}.Debug|Any CPU.ActiveCfg = Debug|Any CPU
		{D6355867-0AD1-45CF-A427-D127C27EEAF0}.Debug|Any CPU.Build.0 = Debug|Any CPU
		{D6355867-0AD1-45CF-A427-D127C27EEAF0}.Release|Any CPU.ActiveCfg = Release|Any CPU
		{D6355867-0AD1-45CF-A427-D127C27EEAF0}.Release|Any CPU.Build.0 = Release|Any CPU
		{C7713480-6ECE-46CC-86FE-5265E235E4E0}.Debug|Any CPU.ActiveCfg = Debug|Any CPU
		{C7713480-6ECE-46CC-86FE-5265E235E4E0}.Debug|Any CPU.Build.0 = Debug|Any CPU
		{C7713480-6ECE-46CC-86FE-5265E235E4E0}.Release|Any CPU.ActiveCfg = Release|Any CPU
		{C7713480-6ECE-46CC-86FE-5265E235E4E0}.Release|Any CPU.Build.0 = Release|Any CPU
	EndGlobalSection
	GlobalSection(SolutionProperties) = preSolution
		HideSolutionNode = FALSE
	EndGlobalSection
	GlobalSection(ExtensibilityGlobals) = postSolution
		SolutionGuid = {268FDB93-60A3-444D-87A4-78D74C9CADF5}
	EndGlobalSection
EndGlobal
